
Microsoft Visual Studio Solution File, Format Version 12.00
# Visual Studio 14
VisualStudioVersion = 14.0.25420.1
MinimumVisualStudioVersion = 10.0.40219.1
Project("{FAE04EC0-301F-11D3-BF4B-00C04F79EFBC}") = "RssReader", "RssReader\RssReader.csproj", "{4CBEBBB4-4C70-4930-9EA0-0D88131271DC}"
EndProject
Project("{FAE04EC0-301F-11D3-BF4B-00C04F79EFBC}") = "FeedNotifier", "FeedNotifier\FeedNotifier.csproj", "{B46ADE68-B382-4CE4-A487-C7C0692AC830}"
EndProject
Global
	GlobalSection(SolutionConfigurationPlatforms) = preSolution
		Debug|Any CPU = Debug|Any CPU
		Release|Any CPU = Release|Any CPU
	EndGlobalSection
	GlobalSection(ProjectConfigurationPlatforms) = postSolution
		{4CBEBBB4-4C70-4930-9EA0-0D88131271DC}.Debug|Any CPU.ActiveCfg = Debug|Any CPU
		{4CBEBBB4-4C70-4930-9EA0-0D88131271DC}.Debug|Any CPU.Build.0 = Debug|Any CPU
		{4CBEBBB4-4C70-4930-9EA0-0D88131271DC}.Release|Any CPU.ActiveCfg = Release|Any CPU
		{4CBEBBB4-4C70-4930-9EA0-0D88131271DC}.Release|Any CPU.Build.0 = Release|Any CPU
		{B46ADE68-B382-4CE4-A487-C7C0692AC830}.Debug|Any CPU.ActiveCfg = Debug|Any CPU
		{B46ADE68-B382-4CE4-A487-C7C0692AC830}.Debug|Any CPU.Build.0 = Debug|Any CPU
		{B46ADE68-B382-4CE4-A487-C7C0692AC830}.Release|Any CPU.ActiveCfg = Release|Any CPU
		{B46ADE68-B382-4CE4-A487-C7C0692AC830}.Release|Any CPU.Build.0 = Release|Any CPU
	EndGlobalSection
	GlobalSection(SolutionProperties) = preSolution
		HideSolutionNode = FALSE
	EndGlobalSection
EndGlobal
